
Microsoft Visual Studio Solution File, Format Version 12.00
# Visual Studio Version 16
VisualStudioVersion = 16.0.33130.400
MinimumVisualStudioVersion = 10.0.40219.1
Project("{9A19103F-16F7-4668-BE54-9A1E7A4F7556}") = "Camunda.Functions", "Camunda.Functions\Camunda.Functions.csproj", "{66FDF096-FDEB-43AB-930D-613E219C87B6}"
EndProject
Global
	GlobalSection(SolutionConfigurationPlatforms) = preSolution
		Debug|Any CPU = Debug|Any CPU
		Release|Any CPU = Release|Any CPU
	EndGlobalSection
	GlobalSection(ProjectConfigurationPlatforms) = postSolution
		{66FDF096-FDEB-43AB-930D-613E219C87B6}.Debug|Any CPU.ActiveCfg = Debug|Any CPU
		{66FDF096-FDEB-43AB-930D-613E219C87B6}.Debug|Any CPU.Build.0 = Debug|Any CPU
		{66FDF096-FDEB-43AB-930D-613E219C87B6}.Release|Any CPU.ActiveCfg = Release|Any CPU
		{66FDF096-FDEB-43AB-930D-613E219C87B6}.Release|Any CPU.Build.0 = Release|Any CPU
	EndGlobalSection
	GlobalSection(SolutionProperties) = preSolution
		HideSolutionNode = FALSE
	EndGlobalSection
	GlobalSection(ExtensibilityGlobals) = postSolution
		SolutionGuid = {D2E065A1-9C3D-4757-8717-96D7D254416F}
	EndGlobalSection
EndGlobal
